
Microsoft Visual Studio Solution File, Format Version 12.00
# Visual Studio Version 16
VisualStudioVersion = 16.0.31019.35
MinimumVisualStudioVersion = 10.0.40219.1
Project("{8BC9CEB8-8B4A-11D0-8D11-00A0C91BC942}") = "EdrKiller", "EdrKiller\EdrKiller.vcxproj", "{FA7D1EB3-0196-464B-ADA0-C2ED5071B135}"
EndProject
Global
	GlobalSection(SolutionConfigurationPlatforms) = preSolution
		Debug|x64 = Debug|x64
		Debug|x86 = Debug|x86
		Release|x64 = Release|x64
		Release|x86 = Release|x86
	EndGlobalSection
	GlobalSection(ProjectConfigurationPlatforms) = postSolution
		{FA7D1EB3-0196-464B-ADA0-C2ED5071B135}.Debug|x64.ActiveCfg = Debug|x64
		{FA7D1EB3-0196-464B-ADA0-C2ED5071B135}.Debug|x64.Build.0 = Debug|x64
		{FA7D1EB3-0196-464B-ADA0-C2ED5071B135}.Debug|x86.ActiveCfg = Debug|Win32
		{FA7D1EB3-0196-464B-ADA0-C2ED5071B135}.Debug|x86.Build.0 = Debug|Win32
		{FA7D1EB3-0196-464B-ADA0-C2ED5071B135}.Release|x64.ActiveCfg = Release|x64
		{FA7D1EB3-0196-464B-ADA0-C2ED5071B135}.Release|x64.Build.0 = Release|x64
		{FA7D1EB3-0196-464B-ADA0-C2ED5071B135}.Release|x86.ActiveCfg = Release|Win32
		{FA7D1EB3-0196-464B-ADA0-C2ED5071B135}.Release|x86.Build.0 = Release|Win32
	EndGlobalSection
	GlobalSection(SolutionProperties) = preSolution
		HideSolutionNode = FALSE
	EndGlobalSection
	GlobalSection(ExtensibilityGlobals) = postSolution
		SolutionGuid = {AE52120D-55A3-4679-815E-6A43DAB64C3D}
	EndGlobalSection
EndGlobal
